// !$*UTF8*$!
{
	archiveVersion = 1;
	classes = {
	};
	objectVersion = 46;
	objects = {

/* Begin PBXCopyFilesBuildPhase section */
		6FC5B99E1B7E46F100E87B8D /* CopyFiles */ = {
			isa = PBXCopyFilesBuildPhase;
			buildActionMask = 2147483647;
			dstPath = "include/$(PRODUCT_NAME)";
			dstSubfolderSpec = 16;
			files = (
			);
			runOnlyForDeploymentPostprocessing = 0;
		};
/* End PBXCopyFilesBuildPhase section */

/* Begin PBXFileReference section */
		6FC5B9A01B7E46F100E87B8D /* CustomWatchFaceTest.dylib */ = {isa = PBXFileReference; explicitFileType = "compiled.mach-o.dylib"; includeInIndex = 0; path = CustomWatchFaceTest.dylib; sourceTree = BUILT_PRODUCTS_DIR; };
/* End PBXFileReference section */

/* Begin PBXFrameworksBuildPhase section */
		6FC5B99D1B7E46F100E87B8D /* Frameworks */ = {
			isa = PBXFrameworksBuildPhase;
			buildActionMask = 2147483647;
			files = (
			);
			runOnlyForDeploymentPostprocessing = 0;
		};
/* End PBXFrameworksBuildPhase section */

/* Begin PBXGroup section */
		6FC5B9971B7E46F100E87B8D = {
			isa = PBXGroup;
			children = (
				6FC5B9A21B7E46F100E87B8D /* CustomWatchFaceTest */,
				6FC5B9A11B7E46F100E87B8D /* Products */,
			);
			sourceTree = "<group>";
		};
		6FC5B9A11B7E46F100E87B8D /* Products */ = {
			isa = PBXGroup;
			children = (
				6FC5B9A01B7E46F100E87B8D /* CustomWatchFaceTest.dylib */,
			);
			name = Products;
			sourceTree = "<group>";
		};
		6FC5B9A21B7E46F100E87B8D /* CustomWatchFaceTest */ = {
			isa = PBXGroup;
			children = (
			);
			path = CustomWatchFaceTest;
			sourceTree = "<group>";
		};
/* End PBXGroup section */

/* Begin PBXNativeTarget section */
		6FC5B99F1B7E46F100E87B8D /* CustomWatchFaceTest */ = {
			isa = PBXNativeTarget;
			buildConfigurationList = 6FC5B9A91B7E46F100E87B8D /* Build configuration list for PBXNativeTarget "CustomWatchFaceTest" */;
			buildPhases = (
				6FC5B99C1B7E46F100E87B8D /* Sources */,
				6FC5B99D1B7E46F100E87B8D /* Frameworks */,
				6FC5B99E1B7E46F100E87B8D /* CopyFiles */,
			);
			buildRules = (
			);
			dependencies = (
			);
			name = CustomWatchFaceTest;
			productName = CustomWatchFaceTest;
			productReference = 6FC5B9A01B7E46F100E87B8D /* CustomWatchFaceTest.dylib */;
			productType = "com.apple.product-type.library.dynamic";
		};
/* End PBXNativeTarget section */

/* Begin PBXProject section */
		6FC5B9981B7E46F100E87B8D /* Project object */ = {
			isa = PBXProject;
			attributes = {
				LastUpgradeCheck = 0700;
				ORGANIZATIONNAME = "Hamza Sood";
				TargetAttributes = {
					6FC5B99F1B7E46F100E87B8D = {
						CreatedOnToolsVersion = 7.0;
					};
				};
			};
			buildConfigurationList = 6FC5B99B1B7E46F100E87B8D /* Build configuration list for PBXProject "CustomWatchFaceTest" */;
			compatibilityVersion = "Xcode 3.2";
			developmentRegion = English;
			hasScannedForEncodings = 0;
			knownRegions = (
				en,
			);
			mainGroup = 6FC5B9971B7E46F100E87B8D;
			productRefGroup = 6FC5B9A11B7E46F100E87B8D /* Products */;
			projectDirPath = "";
			projectRoot = "";
			targets = (
				6FC5B99F1B7E46F100E87B8D /* CustomWatchFaceTest */,
			);
		};
/* End PBXProject section */

/* Begin PBXSourcesBuildPhase section */
		6FC5B99C1B7E46F100E87B8D /* Sources */ = {
			isa = PBXSourcesBuildPhase;
			buildActionMask = 2147483647;
			files = (
			);
			runOnlyForDeploymentPostprocessing = 0;
		};
/* End PBXSourcesBuildPhase section */

/* Begin XCBuildConfiguration section */
		6FC5B9A71B7E46F100E87B8D /* Debug */ = {
			isa = XCBuildConfiguration;
			buildSettings = {
				ALWAYS_SEARCH_USER_PATHS = NO;
				CLANG_CXX_LANGUAGE_STANDARD = "gnu++0x";
				CLANG_CXX_LIBRARY = "libc++";
				CLANG_ENABLE_MODULES = YES;
				CLANG_ENABLE_OBJC_ARC = YES;
				CLANG_WARN_BOOL_CONVERSION = YES;
				CLANG_WARN_CONSTANT_CONVERSION = YES;
				CLANG_WARN_DIRECT_OBJC_ISA_USAGE = YES_ERROR;
				CLANG_WARN_EMPTY_BODY = YES;
				CLANG_WARN_ENUM_CONVERSION = YES;
				CLANG_WARN_INT_CONVERSION = YES;
				CLANG_WARN_OBJC_ROOT_CLASS = YES_ERROR;
				CLANG_WARN_UNREACHABLE_CODE = YES;
				CLANG_WARN__DUPLICATE_METHOD_MATCH = YES;
				COPY_PHASE_STRIP = NO;
				DEBUG_INFORMATION_FORMAT = dwarf;
				ENABLE_STRICT_OBJC_MSGSEND = YES;
				ENABLE_TESTABILITY = YES;
				FRAMEWORK_SEARCH_PATHS = "$(SDKROOT)/System/Library/PrivateFrameworks";
				GCC_C_LANGUAGE_STANDARD = gnu99;
				GCC_DYNAMIC_NO_PIC = NO;
				GCC_NO_COMMON_BLOCKS = YES;
				GCC_OPTIMIZATION_LEVEL = 0;
				GCC_PREPROCESSOR_DEFINITIONS = (
					"DEBUG=1",
					"$(inherited)",
				);
				GCC_WARN_64_TO_32_BIT_CONVERSION = YES;
				GCC_WARN_ABOUT_RETURN_TYPE = YES_ERROR;
				GCC_WARN_UNINITIALIZED_AUTOS = YES_AGGRESSIVE;
				GCC_WARN_UNUSED_FUNCTION = YES;
				GCC_WARN_UNUSED_VARIABLE = YES;
				MTL_ENABLE_DEBUG_INFO = YES;
				SDKROOT = watchos;
			};
			name = Debug;
		};
		6FC5B9A81B7E46F100E87B8D /* Release */ = {
			isa = XCBuildConfiguration;
			buildSettings = {
				ALWAYS_SEARCH_USER_PATHS = NO;
				CLANG_CXX_LANGUAGE_STANDARD = "gnu++0x";
				CLANG_CXX_LIBRARY = "libc++";
				CLANG_ENABLE_MODULES = YES;
				CLANG_ENABLE_OBJC_ARC = YES;
				CLANG_WARN_BOOL_CONVERSION = YES;
				CLANG_WARN_CONSTANT_CONVERSION = YES;
				CLANG_WARN_DIRECT_OBJC_ISA_USAGE = YES_ERROR;
				CLANG_WARN_EMPTY_BODY = YES;
				CLANG_WARN_ENUM_CONVERSION = YES;
				CLANG_WARN_INT_CONVERSION = YES;
				CLANG_WARN_OBJC_ROOT_CLASS = YES_ERROR;
				CLANG_WARN_UNREACHABLE_CODE = YES;
				CLANG_WARN__DUPLICATE_METHOD_MATCH = YES;
				COPY_PHASE_STRIP = NO;
				DEBUG_INFORMATION_FORMAT = "dwarf-with-dsym";
				ENABLE_NS_ASSERTIONS = NO;
				ENABLE_STRICT_OBJC_MSGSEND = YES;
				FRAMEWORK_SEARCH_PATHS = "$(SDKROOT)/System/Library/PrivateFrameworks";
				GCC_C_LANGUAGE_STANDARD = gnu99;
				GCC_NO_COMMON_BLOCKS = YES;
				GCC_WARN_64_TO_32_BIT_CONVERSION = YES;
				GCC_WARN_ABOUT_RETURN_TYPE = YES_ERROR;
				GCC_WARN_UNINITIALIZED_AUTOS = YES_AGGRESSIVE;
				GCC_WARN_UNUSED_FUNCTION = YES;
				GCC_WARN_UNUSED_VARIABLE = YES;
				MTL_ENABLE_DEBUG_INFO = NO;
				SDKROOT = watchos;
				VALIDATE_PRODUCT = YES;
			};
			name = Release;
		};
		6FC5B9AA1B7E46F100E87B8D /* Debug */ = {
			isa = XCBuildConfiguration;
			buildSettings = {
				PRODUCT_NAME = "$(TARGET_NAME)";
				SKIP_INSTALL = YES;
			};
			name = Debug;
		};
		6FC5B9AB1B7E46F100E87B8D /* Release */ = {
			isa = XCBuildConfiguration;
			buildSettings = {
				PRODUCT_NAME = "$(TARGET_NAME)";
				SKIP_INSTALL = YES;
			};
			name = Release;
		};
/* End XCBuildConfiguration section */

/* Begin XCConfigurationList section */
		6FC5B99B1B7E46F100E87B8D /* Build configuration list for PBXProject "CustomWatchFaceTest" */ = {
			isa = XCConfigurationList;
			buildConfigurations = (
				6FC5B9A71B7E46F100E87B8D /* Debug */,
				6FC5B9A81B7E46F100E87B8D /* Release */,
			);
			defaultConfigurationIsVisible = 0;
			defaultConfigurationName = Release;
		};
		6FC5B9A91B7E46F100E87B8D /* Build configuration list for PBXNativeTarget "CustomWatchFaceTest" */ = {
			isa = XCConfigurationList;
			buildConfigurations = (
				6FC5B9AA1B7E46F100E87B8D /* Debug */,
				6FC5B9AB1B7E46F100E87B8D /* Release */,
			);
			defaultConfigurationIsVisible = 0;
			defaultConfigurationName = Release;
		};
/* End XCConfigurationList section */
	};
	rootObject = 6FC5B9981B7E46F100E87B8D /* Project object */;
}
